
Microsoft Visual Studio Solution File, Format Version 12.00
# Visual Studio Version 17
VisualStudioVersion = 17.4.33213.308
MinimumVisualStudioVersion = 10.0.40219.1
Project("{8BC9CEB8-8B4A-11D0-8D11-00A0C91BC942}") = "Core", "Core\Core.vcxproj", "{1BCDB652-831A-4C67-B961-8D501E11EAD2}"
EndProject
Project("{8BC9CEB8-8B4A-11D0-8D11-00A0C91BC942}") = "ConsoleSandbox", "ConsoleSandbox\ConsoleSandbox.vcxproj", "{85259C8F-B98D-4F46-AB80-D400D0715D18}"
EndProject
Project("{8BC9CEB8-8B4A-11D0-8D11-00A0C91BC942}") = "UnitTest", "UnitTest\UnitTest.vcxproj", "{8AA5395F-A33E-4F0A-A578-D6FE142FA8DD}"
EndProject
Project("{8BC9CEB8-8B4A-11D0-8D11-00A0C91BC942}") = "WindowApp", "WindowApp\WindowApp.vcxproj", "{5EB3B52C-6492-4ECE-B976-8946BF280138}"
EndProject
Global
	GlobalSection(SolutionConfigurationPlatforms) = preSolution
		Debug|x64 = Debug|x64
		Release|x64 = Release|x64
	EndGlobalSection
	GlobalSection(ProjectConfigurationPlatforms) = postSolution
		{1BCDB652-831A-4C67-B961-8D501E11EAD2}.Debug|x64.ActiveCfg = Debug|x64
		{1BCDB652-831A-4C67-B961-8D501E11EAD2}.Debug|x64.Build.0 = Debug|x64
		{1BCDB652-831A-4C67-B961-8D501E11EAD2}.Release|x64.ActiveCfg = Release|x64
		{1BCDB652-831A-4C67-B961-8D501E11EAD2}.Release|x64.Build.0 = Release|x64
		{85259C8F-B98D-4F46-AB80-D400D0715D18}.Debug|x64.ActiveCfg = Debug|x64
		{85259C8F-B98D-4F46-AB80-D400D0715D18}.Debug|x64.Build.0 = Debug|x64
		{85259C8F-B98D-4F46-AB80-D400D0715D18}.Release|x64.ActiveCfg = Release|x64
		{85259C8F-B98D-4F46-AB80-D400D0715D18}.Release|x64.Build.0 = Release|x64
		{8AA5395F-A33E-4F0A-A578-D6FE142FA8DD}.Debug|x64.ActiveCfg = Debug|x64
		{8AA5395F-A33E-4F0A-A578-D6FE142FA8DD}.Debug|x64.Build.0 = Debug|x64
		{8AA5395F-A33E-4F0A-A578-D6FE142FA8DD}.Release|x64.ActiveCfg = Release|x64
		{8AA5395F-A33E-4F0A-A578-D6FE142FA8DD}.Release|x64.Build.0 = Release|x64
		{5EB3B52C-6492-4ECE-B976-8946BF280138}.Debug|x64.ActiveCfg = Debug|x64
		{5EB3B52C-6492-4ECE-B976-8946BF280138}.Debug|x64.Build.0 = Debug|x64
		{5EB3B52C-6492-4ECE-B976-8946BF280138}.Release|x64.ActiveCfg = Release|x64
		{5EB3B52C-6492-4ECE-B976-8946BF280138}.Release|x64.Build.0 = Release|x64
	EndGlobalSection
	GlobalSection(SolutionProperties) = preSolution
		HideSolutionNode = FALSE
	EndGlobalSection
	GlobalSection(ExtensibilityGlobals) = postSolution
		SolutionGuid = {59C0D04E-B345-4078-BB45-CD6371ED2CA6}
	EndGlobalSection
EndGlobal
